// !$*UTF8*$!
{
	archiveVersion = 1;
	classes = {
	};
	objectVersion = 50;
	objects = {

/* Begin PBXBuildFile section */
		7EF9226222B3024200DB4971 /* Display.swift in Sources */ = {isa = PBXBuildFile; fileRef = 7EF9226122B3024200DB4971 /* Display.swift */; };
		7EF9226522B302F800DB4971 /* Address.swift in Sources */ = {isa = PBXBuildFile; fileRef = 7EF9226422B302F800DB4971 /* Address.swift */; };
		7EF9226722B310F900DB4971 /* Faculity.swift in Sources */ = {isa = PBXBuildFile; fileRef = 7EF9226622B310F900DB4971 /* Faculity.swift */; };
		9B301C0022B1B1C100531632 /* main.swift in Sources */ = {isa = PBXBuildFile; fileRef = 9B301BFF22B1B1C100531632 /* main.swift */; };
		9B301C0722B1B25800531632 /* Person.swift in Sources */ = {isa = PBXBuildFile; fileRef = 9B301C0622B1B25800531632 /* Person.swift */; };
		9B301C0922B1B58800531632 /* Student.swift in Sources */ = {isa = PBXBuildFile; fileRef = 9B301C0822B1B58800531632 /* Student.swift */; };
/* End PBXBuildFile section */

/* Begin PBXCopyFilesBuildPhase section */
		9B301BFA22B1B1C100531632 /* CopyFiles */ = {
			isa = PBXCopyFilesBuildPhase;
			buildActionMask = 2147483647;
			dstPath = /usr/share/man/man1/;
			dstSubfolderSpec = 0;
			files = (
			);
			runOnlyForDeploymentPostprocessing = 1;
		};
/* End PBXCopyFilesBuildPhase section */

/* Begin PBXFileReference section */
		7EF9226122B3024200DB4971 /* Display.swift */ = {isa = PBXFileReference; lastKnownFileType = sourcecode.swift; path = Display.swift; sourceTree = "<group>"; };
		7EF9226422B302F800DB4971 /* Address.swift */ = {isa = PBXFileReference; lastKnownFileType = sourcecode.swift; path = Address.swift; sourceTree = "<group>"; };
		7EF9226622B310F900DB4971 /* Faculity.swift */ = {isa = PBXFileReference; lastKnownFileType = sourcecode.swift; path = Faculity.swift; sourceTree = "<group>"; };
		9B301BFC22B1B1C100531632 /* InheritanceConcept */ = {isa = PBXFileReference; explicitFileType = "compiled.mach-o.executable"; includeInIndex = 0; path = InheritanceConcept; sourceTree = BUILT_PRODUCTS_DIR; };
		9B301BFF22B1B1C100531632 /* main.swift */ = {isa = PBXFileReference; lastKnownFileType = sourcecode.swift; path = main.swift; sourceTree = "<group>"; };
		9B301C0622B1B25800531632 /* Person.swift */ = {isa = PBXFileReference; lastKnownFileType = sourcecode.swift; path = Person.swift; sourceTree = "<group>"; };
		9B301C0822B1B58800531632 /* Student.swift */ = {isa = PBXFileReference; lastKnownFileType = sourcecode.swift; path = Student.swift; sourceTree = "<group>"; };
/* End PBXFileReference section */

/* Begin PBXFrameworksBuildPhase section */
		9B301BF922B1B1C100531632 /* Frameworks */ = {
			isa = PBXFrameworksBuildPhase;
			buildActionMask = 2147483647;
			files = (
			);
			runOnlyForDeploymentPostprocessing = 0;
		};
/* End PBXFrameworksBuildPhase section */

/* Begin PBXGroup section */
		7EF9226322B3026700DB4971 /* Protocols */ = {
			isa = PBXGroup;
			children = (
				7EF9226122B3024200DB4971 /* Display.swift */,
			);
			path = Protocols;
			sourceTree = "<group>";
		};
		9B301BF322B1B1C100531632 = {
			isa = PBXGroup;
			children = (
				9B301BFE22B1B1C100531632 /* InheritanceConcept */,
				9B301BFD22B1B1C100531632 /* Products */,
			);
			sourceTree = "<group>";
		};
		9B301BFD22B1B1C100531632 /* Products */ = {
			isa = PBXGroup;
			children = (
				9B301BFC22B1B1C100531632 /* InheritanceConcept */,
			);
			name = Products;
			sourceTree = "<group>";
		};
		9B301BFE22B1B1C100531632 /* InheritanceConcept */ = {
			isa = PBXGroup;
			children = (
				7EF9226322B3026700DB4971 /* Protocols */,
				9B301BFF22B1B1C100531632 /* main.swift */,
				9B301C0622B1B25800531632 /* Person.swift */,
				9B301C0822B1B58800531632 /* Student.swift */,
				7EF9226422B302F800DB4971 /* Address.swift */,
				7EF9226622B310F900DB4971 /* Faculity.swift */,
			);
			path = InheritanceConcept;
			sourceTree = "<group>";
		};
/* End PBXGroup section */

/* Begin PBXNativeTarget section */
		9B301BFB22B1B1C100531632 /* InheritanceConcept */ = {
			isa = PBXNativeTarget;
			buildConfigurationList = 9B301C0322B1B1C100531632 /* Build configuration list for PBXNativeTarget "InheritanceConcept" */;
			buildPhases = (
				9B301BF822B1B1C100531632 /* Sources */,
				9B301BF922B1B1C100531632 /* Frameworks */,
				9B301BFA22B1B1C100531632 /* CopyFiles */,
			);
			buildRules = (
			);
			dependencies = (
			);
			name = InheritanceConcept;
			productName = InheritanceConcept;
			productReference = 9B301BFC22B1B1C100531632 /* InheritanceConcept */;
			productType = "com.apple.product-type.tool";
		};
/* End PBXNativeTarget section */

/* Begin PBXProject section */
		9B301BF422B1B1C100531632 /* Project object */ = {
			isa = PBXProject;
			attributes = {
				LastSwiftUpdateCheck = 1020;
				LastUpgradeCheck = 1020;
				ORGANIZATIONNAME = MacStudent;
				TargetAttributes = {
					9B301BFB22B1B1C100531632 = {
						CreatedOnToolsVersion = 10.2.1;
					};
				};
			};
			buildConfigurationList = 9B301BF722B1B1C100531632 /* Build configuration list for PBXProject "InheritanceConcept" */;
			compatibilityVersion = "Xcode 9.3";
			developmentRegion = en;
			hasScannedForEncodings = 0;
			knownRegions = (
				en,
			);
			mainGroup = 9B301BF322B1B1C100531632;
			productRefGroup = 9B301BFD22B1B1C100531632 /* Products */;
			projectDirPath = "";
			projectRoot = "";
			targets = (
				9B301BFB22B1B1C100531632 /* InheritanceConcept */,
			);
		};
/* End PBXProject section */

/* Begin PBXSourcesBuildPhase section */
		9B301BF822B1B1C100531632 /* Sources */ = {
			isa = PBXSourcesBuildPhase;
			buildActionMask = 2147483647;
			files = (
				9B301C0722B1B25800531632 /* Person.swift in Sources */,
				9B301C0922B1B58800531632 /* Student.swift in Sources */,
				7EF9226722B310F900DB4971 /* Faculity.swift in Sources */,
				7EF9226222B3024200DB4971 /* Display.swift in Sources */,
				9B301C0022B1B1C100531632 /* main.swift in Sources */,
				7EF9226522B302F800DB4971 /* Address.swift in Sources */,
			);
			runOnlyForDeploymentPostprocessing = 0;
		};
/* End PBXSourcesBuildPhase section */

/* Begin XCBuildConfiguration section */
		9B301C0122B1B1C100531632 /* Debug */ = {
			isa = XCBuildConfiguration;
			buildSettings = {
				ALWAYS_SEARCH_USER_PATHS = NO;
				CLANG_ANALYZER_NONNULL = YES;
				CLANG_ANALYZER_NUMBER_OBJECT_CONVERSION = YES_AGGRESSIVE;
				CLANG_CXX_LANGUAGE_STANDARD = "gnu++14";
				CLANG_CXX_LIBRARY = "libc++";
				CLANG_ENABLE_MODULES = YES;
				CLANG_ENABLE_OBJC_ARC = YES;
				CLANG_ENABLE_OBJC_WEAK = YES;
				CLANG_WARN_BLOCK_CAPTURE_AUTORELEASING = YES;
				CLANG_WARN_BOOL_CONVERSION = YES;
				CLANG_WARN_COMMA = YES;
				CLANG_WARN_CONSTANT_CONVERSION = YES;
				CLANG_WARN_DEPRECATED_OBJC_IMPLEMENTATIONS = YES;
				CLANG_WARN_DIRECT_OBJC_ISA_USAGE = YES_ERROR;
				CLANG_WARN_DOCUMENTATION_COMMENTS = YES;
				CLANG_WARN_EMPTY_BODY = YES;
				CLANG_WARN_ENUM_CONVERSION = YES;
				CLANG_WARN_INFINITE_RECURSION = YES;
				CLANG_WARN_INT_CONVERSION = YES;
				CLANG_WARN_NON_LITERAL_NULL_CONVERSION = YES;
				CLANG_WARN_OBJC_IMPLICIT_RETAIN_SELF = YES;
				CLANG_WARN_OBJC_LITERAL_CONVERSION = YES;
				CLANG_WARN_OBJC_ROOT_CLASS = YES_ERROR;
				CLANG_WARN_RANGE_LOOP_ANALYSIS = YES;
				CLANG_WARN_STRICT_PROTOTYPES = YES;
				CLANG_WARN_SUSPICIOUS_MOVE = YES;
				CLANG_WARN_UNGUARDED_AVAILABILITY = YES_AGGRESSIVE;
				CLANG_WARN_UNREACHABLE_CODE = YES;
				CLANG_WARN__DUPLICATE_METHOD_MATCH = YES;
				CODE_SIGN_IDENTITY = "-";
				COPY_PHASE_STRIP = NO;
				DEBUG_INFORMATION_FORMAT = dwarf;
				ENABLE_STRICT_OBJC_MSGSEND = YES;
				ENABLE_TESTABILITY = YES;
				GCC_C_LANGUAGE_STANDARD = gnu11;
				GCC_DYNAMIC_NO_PIC = NO;
				GCC_NO_COMMON_BLOCKS = YES;
				GCC_OPTIMIZATION_LEVEL = 0;
				GCC_PREPROCESSOR_DEFINITIONS = (
					"DEBUG=1",
					"$(inherited)",
				);
				GCC_WARN_64_TO_32_BIT_CONVERSION = YES;
				GCC_WARN_ABOUT_RETURN_TYPE = YES_ERROR;
				GCC_WARN_UNDECLARED_SELECTOR = YES;
				GCC_WARN_UNINITIALIZED_AUTOS = YES_AGGRESSIVE;
				GCC_WARN_UNUSED_FUNCTION = YES;
				GCC_WARN_UNUSED_VARIABLE = YES;
				MACOSX_DEPLOYMENT_TARGET = 10.14;
				MTL_ENABLE_DEBUG_INFO = INCLUDE_SOURCE;
				MTL_FAST_MATH = YES;
				ONLY_ACTIVE_ARCH = YES;
				SDKROOT = macosx;
				SWIFT_ACTIVE_COMPILATION_CONDITIONS = DEBUG;
				SWIFT_OPTIMIZATION_LEVEL = "-Onone";
			};
			name = Debug;
		};
		9B301C0222B1B1C100531632 /* Release */ = {
			isa = XCBuildConfiguration;
			buildSettings = {
				ALWAYS_SEARCH_USER_PATHS = NO;
				CLANG_ANALYZER_NONNULL = YES;
				CLANG_ANALYZER_NUMBER_OBJECT_CONVERSION = YES_AGGRESSIVE;
				CLANG_CXX_LANGUAGE_STANDARD = "gnu++14";
				CLANG_CXX_LIBRARY = "libc++";
				CLANG_ENABLE_MODULES = YES;
				CLANG_ENABLE_OBJC_ARC = YES;
				CLANG_ENABLE_OBJC_WEAK = YES;
				CLANG_WARN_BLOCK_CAPTURE_AUTORELEASING = YES;
				CLANG_WARN_BOOL_CONVERSION = YES;
				CLANG_WARN_COMMA = YES;
				CLANG_WARN_CONSTANT_CONVERSION = YES;
				CLANG_WARN_DEPRECATED_OBJC_IMPLEMENTATIONS = YES;
				CLANG_WARN_DIRECT_OBJC_ISA_USAGE = YES_ERROR;
				CLANG_WARN_DOCUMENTATION_COMMENTS = YES;
				CLANG_WARN_EMPTY_BODY = YES;
				CLANG_WARN_ENUM_CONVERSION = YES;
				CLANG_WARN_INFINITE_RECURSION = YES;
				CLANG_WARN_INT_CONVERSION = YES;
				CLANG_WARN_NON_LITERAL_NULL_CONVERSION = YES;
				CLANG_WARN_OBJC_IMPLICIT_RETAIN_SELF = YES;
				CLANG_WARN_OBJC_LITERAL_CONVERSION = YES;
				CLANG_WARN_OBJC_ROOT_CLASS = YES_ERROR;
				CLANG_WARN_RANGE_LOOP_ANALYSIS = YES;
				CLANG_WARN_STRICT_PROTOTYPES = YES;
				CLANG_WARN_SUSPICIOUS_MOVE = YES;
				CLANG_WARN_UNGUARDED_AVAILABILITY = YES_AGGRESSIVE;
				CLANG_WARN_UNREACHABLE_CODE = YES;
				CLANG_WARN__DUPLICATE_METHOD_MATCH = YES;
				CODE_SIGN_IDENTITY = "-";
				COPY_PHASE_STRIP = NO;
				DEBUG_INFORMATION_FORMAT = "dwarf-with-dsym";
				ENABLE_NS_ASSERTIONS = NO;
				ENABLE_STRICT_OBJC_MSGSEND = YES;
				GCC_C_LANGUAGE_STANDARD = gnu11;
				GCC_NO_COMMON_BLOCKS = YES;
				GCC_WARN_64_TO_32_BIT_CONVERSION = YES;
				GCC_WARN_ABOUT_RETURN_TYPE = YES_ERROR;
				GCC_WARN_UNDECLARED_SELECTOR = YES;
				GCC_WARN_UNINITIALIZED_AUTOS = YES_AGGRESSIVE;
				GCC_WARN_UNUSED_FUNCTION = YES;
				GCC_WARN_UNUSED_VARIABLE = YES;
				MACOSX_DEPLOYMENT_TARGET = 10.14;
				MTL_ENABLE_DEBUG_INFO = NO;
				MTL_FAST_MATH = YES;
				SDKROOT = macosx;
				SWIFT_COMPILATION_MODE = wholemodule;
				SWIFT_OPTIMIZATION_LEVEL = "-O";
			};
			name = Release;
		};
		9B301C0422B1B1C100531632 /* Debug */ = {
			isa = XCBuildConfiguration;
			buildSettings = {
				CODE_SIGN_STYLE = Automatic;
				PRODUCT_NAME = "$(TARGET_NAME)";
				SWIFT_VERSION = 5.0;
			};
			name = Debug;
		};
		9B301C0522B1B1C100531632 /* Release */ = {
			isa = XCBuildConfiguration;
			buildSettings = {
				CODE_SIGN_STYLE = Automatic;
				PRODUCT_NAME = "$(TARGET_NAME)";
				SWIFT_VERSION = 5.0;
			};
			name = Release;
		};
/* End XCBuildConfiguration section */

/* Begin XCConfigurationList section */
		9B301BF722B1B1C100531632 /* Build configuration list for PBXProject "InheritanceConcept" */ = {
			isa = XCConfigurationList;
			buildConfigurations = (
				9B301C0122B1B1C100531632 /* Debug */,
				9B301C0222B1B1C100531632 /* Release */,
			);
			defaultConfigurationIsVisible = 0;
			defaultConfigurationName = Release;
		};
		9B301C0322B1B1C100531632 /* Build configuration list for PBXNativeTarget "InheritanceConcept" */ = {
			isa = XCConfigurationList;
			buildConfigurations = (
				9B301C0422B1B1C100531632 /* Debug */,
				9B301C0522B1B1C100531632 /* Release */,
			);
			defaultConfigurationIsVisible = 0;
			defaultConfigurationName = Release;
		};
/* End XCConfigurationList section */
	};
	rootObject = 9B301BF422B1B1C100531632 /* Project object */;
}
